// !$*UTF8*$!
{
	archiveVersion = 1;
	classes = {
	};
	objectVersion = 46;
	objects = {

/* Begin PBXBuildFile section */
		69D2226A1769281C00A04C2D /* UIKit.framework in Frameworks */ = {isa = PBXBuildFile; fileRef = 69D222691769281C00A04C2D /* UIKit.framework */; };
		69D2226C1769281C00A04C2D /* Foundation.framework in Frameworks */ = {isa = PBXBuildFile; fileRef = 69D2226B1769281C00A04C2D /* Foundation.framework */; };
		69D2226E1769281C00A04C2D /* CoreGraphics.framework in Frameworks */ = {isa = PBXBuildFile; fileRef = 69D2226D1769281C00A04C2D /* CoreGraphics.framework */; };
		69D222741769281C00A04C2D /* InfoPlist.strings in Resources */ = {isa = PBXBuildFile; fileRef = 69D222721769281C00A04C2D /* InfoPlist.strings */; };
		69D222761769281C00A04C2D /* main.m in Sources */ = {isa = PBXBuildFile; fileRef = 69D222751769281C00A04C2D /* main.m */; };
		69D2227A1769281C00A04C2D /* AppDelegate.m in Sources */ = {isa = PBXBuildFile; fileRef = 69D222791769281C00A04C2D /* AppDelegate.m */; };
		69D2227C1769281C00A04C2D /* Default.png in Resources */ = {isa = PBXBuildFile; fileRef = 69D2227B1769281C00A04C2D /* Default.png */; };
		69D2227E1769281C00A04C2D /* Default@2x.png in Resources */ = {isa = PBXBuildFile; fileRef = 69D2227D1769281C00A04C2D /* Default@2x.png */; };
		69D222801769281C00A04C2D /* Default-568h@2x.png in Resources */ = {isa = PBXBuildFile; fileRef = 69D2227F1769281C00A04C2D /* Default-568h@2x.png */; };
		69D222831769281C00A04C2D /* MainStoryboard.storyboard in Resources */ = {isa = PBXBuildFile; fileRef = 69D222811769281C00A04C2D /* MainStoryboard.storyboard */; };
		69D2228E1769284B00A04C2D /* CoolTableViewController.m in Sources */ = {isa = PBXBuildFile; fileRef = 69D2228D1769284B00A04C2D /* CoolTableViewController.m */; };
		69D2229117692A3500A04C2D /* CustomCellBackground.m in Sources */ = {isa = PBXBuildFile; fileRef = 69D2229017692A3500A04C2D /* CustomCellBackground.m */; };
		69D2229417692B7B00A04C2D /* Common.m in Sources */ = {isa = PBXBuildFile; fileRef = 69D2229317692B7B00A04C2D /* Common.m */; };
		69D22297176930D300A04C2D /* CustomHeader.m in Sources */ = {isa = PBXBuildFile; fileRef = 69D22296176930D300A04C2D /* CustomHeader.m */; };
		69D2229A1769339600A04C2D /* CustomFooter.m in Sources */ = {isa = PBXBuildFile; fileRef = 69D222991769339600A04C2D /* CustomFooter.m */; };
		69D2229C176938D200A04C2D /* main_bg.jpg in Resources */ = {isa = PBXBuildFile; fileRef = 69D2229B176938D200A04C2D /* main_bg.jpg */; };
		69D22363176A631400A04C2D /* bg_1.png in Resources */ = {isa = PBXBuildFile; fileRef = 69D22362176A631400A04C2D /* bg_1.png */; };
/* End PBXBuildFile section */

/* Begin PBXFileReference section */
		69D222661769281C00A04C2D /* CoolTable.app */ = {isa = PBXFileReference; explicitFileType = wrapper.application; includeInIndex = 0; path = CoolTable.app; sourceTree = BUILT_PRODUCTS_DIR; };
		69D222691769281C00A04C2D /* UIKit.framework */ = {isa = PBXFileReference; lastKnownFileType = wrapper.framework; name = UIKit.framework; path = System/Library/Frameworks/UIKit.framework; sourceTree = SDKROOT; };
		69D2226B1769281C00A04C2D /* Foundation.framework */ = {isa = PBXFileReference; lastKnownFileType = wrapper.framework; name = Foundation.framework; path = System/Library/Frameworks/Foundation.framework; sourceTree = SDKROOT; };
		69D2226D1769281C00A04C2D /* CoreGraphics.framework */ = {isa = PBXFileReference; lastKnownFileType = wrapper.framework; name = CoreGraphics.framework; path = System/Library/Frameworks/CoreGraphics.framework; sourceTree = SDKROOT; };
		69D222711769281C00A04C2D /* CoolTable-Info.plist */ = {isa = PBXFileReference; lastKnownFileType = text.plist.xml; path = "CoolTable-Info.plist"; sourceTree = "<group>"; };
		69D222731769281C00A04C2D /* en */ = {isa = PBXFileReference; lastKnownFileType = text.plist.strings; name = en; path = en.lproj/InfoPlist.strings; sourceTree = "<group>"; };
		69D222751769281C00A04C2D /* main.m */ = {isa = PBXFileReference; lastKnownFileType = sourcecode.c.objc; path = main.m; sourceTree = "<group>"; };
		69D222771769281C00A04C2D /* CoolTable-Prefix.pch */ = {isa = PBXFileReference; lastKnownFileType = sourcecode.c.h; path = "CoolTable-Prefix.pch"; sourceTree = "<group>"; };
		69D222781769281C00A04C2D /* AppDelegate.h */ = {isa = PBXFileReference; lastKnownFileType = sourcecode.c.h; path = AppDelegate.h; sourceTree = "<group>"; };
		69D222791769281C00A04C2D /* AppDelegate.m */ = {isa = PBXFileReference; lastKnownFileType = sourcecode.c.objc; path = AppDelegate.m; sourceTree = "<group>"; };
		69D2227B1769281C00A04C2D /* Default.png */ = {isa = PBXFileReference; lastKnownFileType = image.png; path = Default.png; sourceTree = "<group>"; };
		69D2227D1769281C00A04C2D /* Default@2x.png */ = {isa = PBXFileReference; lastKnownFileType = image.png; path = "Default@2x.png"; sourceTree = "<group>"; };
		69D2227F1769281C00A04C2D /* Default-568h@2x.png */ = {isa = PBXFileReference; lastKnownFileType = image.png; path = "Default-568h@2x.png"; sourceTree = "<group>"; };
		69D222821769281C00A04C2D /* en */ = {isa = PBXFileReference; lastKnownFileType = file.storyboard; name = en; path = en.lproj/MainStoryboard.storyboard; sourceTree = "<group>"; };
		69D2228C1769284B00A04C2D /* CoolTableViewController.h */ = {isa = PBXFileReference; fileEncoding = 4; lastKnownFileType = sourcecode.c.h; path = CoolTableViewController.h; sourceTree = SOURCE_ROOT; };
		69D2228D1769284B00A04C2D /* CoolTableViewController.m */ = {isa = PBXFileReference; fileEncoding = 4; lastKnownFileType = sourcecode.c.objc; path = CoolTableViewController.m; sourceTree = SOURCE_ROOT; };
		69D2228F17692A3500A04C2D /* CustomCellBackground.h */ = {isa = PBXFileReference; fileEncoding = 4; lastKnownFileType = sourcecode.c.h; path = CustomCellBackground.h; sourceTree = "<group>"; };
		69D2229017692A3500A04C2D /* CustomCellBackground.m */ = {isa = PBXFileReference; fileEncoding = 4; lastKnownFileType = sourcecode.c.objc; path = CustomCellBackground.m; sourceTree = "<group>"; };
		69D2229217692B7B00A04C2D /* Common.h */ = {isa = PBXFileReference; fileEncoding = 4; lastKnownFileType = sourcecode.c.h; path = Common.h; sourceTree = "<group>"; };
		69D2229317692B7B00A04C2D /* Common.m */ = {isa = PBXFileReference; fileEncoding = 4; lastKnownFileType = sourcecode.c.objc; path = Common.m; sourceTree = "<group>"; };
		69D22295176930D300A04C2D /* CustomHeader.h */ = {isa = PBXFileReference; fileEncoding = 4; lastKnownFileType = sourcecode.c.h; path = CustomHeader.h; sourceTree = "<group>"; };
		69D22296176930D300A04C2D /* CustomHeader.m */ = {isa = PBXFileReference; fileEncoding = 4; lastKnownFileType = sourcecode.c.objc; path = CustomHeader.m; sourceTree = "<group>"; };
		69D222981769339600A04C2D /* CustomFooter.h */ = {isa = PBXFileReference; fileEncoding = 4; lastKnownFileType = sourcecode.c.h; path = CustomFooter.h; sourceTree = "<group>"; };
		69D222991769339600A04C2D /* CustomFooter.m */ = {isa = PBXFileReference; fileEncoding = 4; lastKnownFileType = sourcecode.c.objc; path = CustomFooter.m; sourceTree = "<group>"; };
		69D2229B176938D200A04C2D /* main_bg.jpg */ = {isa = PBXFileReference; lastKnownFileType = image.jpeg; path = main_bg.jpg; sourceTree = "<group>"; };
		69D223081769689A00A04C2D /* iPhone_canvas_bg.jpg */ = {isa = PBXFileReference; lastKnownFileType = image.jpeg; path = iPhone_canvas_bg.jpg; sourceTree = "<group>"; };
		69D22362176A631400A04C2D /* bg_1.png */ = {isa = PBXFileReference; lastKnownFileType = image.png; path = bg_1.png; sourceTree = "<group>"; };
/* End PBXFileReference section */

/* Begin PBXFrameworksBuildPhase section */
		69D222631769281C00A04C2D /* Frameworks */ = {
			isa = PBXFrameworksBuildPhase;
			buildActionMask = 2147483647;
			files = (
				69D2226A1769281C00A04C2D /* UIKit.framework in Frameworks */,
				69D2226C1769281C00A04C2D /* Foundation.framework in Frameworks */,
				69D2226E1769281C00A04C2D /* CoreGraphics.framework in Frameworks */,
			);
			runOnlyForDeploymentPostprocessing = 0;
		};
/* End PBXFrameworksBuildPhase section */

/* Begin PBXGroup section */
		69D2225D1769281C00A04C2D = {
			isa = PBXGroup;
			children = (
				69D2226F1769281C00A04C2D /* CoolTable */,
				69D222681769281C00A04C2D /* Frameworks */,
				69D222671769281C00A04C2D /* Products */,
			);
			sourceTree = "<group>";
		};
		69D222671769281C00A04C2D /* Products */ = {
			isa = PBXGroup;
			children = (
				69D222661769281C00A04C2D /* CoolTable.app */,
			);
			name = Products;
			sourceTree = "<group>";
		};
		69D222681769281C00A04C2D /* Frameworks */ = {
			isa = PBXGroup;
			children = (
				69D222691769281C00A04C2D /* UIKit.framework */,
				69D2226B1769281C00A04C2D /* Foundation.framework */,
				69D2226D1769281C00A04C2D /* CoreGraphics.framework */,
			);
			name = Frameworks;
			sourceTree = "<group>";
		};
		69D2226F1769281C00A04C2D /* CoolTable */ = {
			isa = PBXGroup;
			children = (
				69D223081769689A00A04C2D /* iPhone_canvas_bg.jpg */,
				69D2229B176938D200A04C2D /* main_bg.jpg */,
				69D2228C1769284B00A04C2D /* CoolTableViewController.h */,
				69D2228D1769284B00A04C2D /* CoolTableViewController.m */,
				69D22362176A631400A04C2D /* bg_1.png */,
				69D2229217692B7B00A04C2D /* Common.h */,
				69D2229317692B7B00A04C2D /* Common.m */,
				69D222781769281C00A04C2D /* AppDelegate.h */,
				69D222791769281C00A04C2D /* AppDelegate.m */,
				69D222811769281C00A04C2D /* MainStoryboard.storyboard */,
				69D2228F17692A3500A04C2D /* CustomCellBackground.h */,
				69D2229017692A3500A04C2D /* CustomCellBackground.m */,
				69D22295176930D300A04C2D /* CustomHeader.h */,
				69D22296176930D300A04C2D /* CustomHeader.m */,
				69D222981769339600A04C2D /* CustomFooter.h */,
				69D222991769339600A04C2D /* CustomFooter.m */,
				69D222701769281C00A04C2D /* Supporting Files */,
			);
			path = CoolTable;
			sourceTree = "<group>";
		};
		69D222701769281C00A04C2D /* Supporting Files */ = {
			isa = PBXGroup;
			children = (
				69D222711769281C00A04C2D /* CoolTable-Info.plist */,
				69D222721769281C00A04C2D /* InfoPlist.strings */,
				69D222751769281C00A04C2D /* main.m */,
				69D222771769281C00A04C2D /* CoolTable-Prefix.pch */,
				69D2227B1769281C00A04C2D /* Default.png */,
				69D2227D1769281C00A04C2D /* Default@2x.png */,
				69D2227F1769281C00A04C2D /* Default-568h@2x.png */,
			);
			name = "Supporting Files";
			sourceTree = "<group>";
		};
/* End PBXGroup section */

/* Begin PBXNativeTarget section */
		69D222651769281C00A04C2D /* CoolTable */ = {
			isa = PBXNativeTarget;
			buildConfigurationList = 69D222891769281C00A04C2D /* Build configuration list for PBXNativeTarget "CoolTable" */;
			buildPhases = (
				69D222621769281C00A04C2D /* Sources */,
				69D222631769281C00A04C2D /* Frameworks */,
				69D222641769281C00A04C2D /* Resources */,
			);
			buildRules = (
			);
			dependencies = (
			);
			name = CoolTable;
			productName = CoolTable;
			productReference = 69D222661769281C00A04C2D /* CoolTable.app */;
			productType = "com.apple.product-type.application";
		};
/* End PBXNativeTarget section */

/* Begin PBXProject section */
		69D2225E1769281C00A04C2D /* Project object */ = {
			isa = PBXProject;
			attributes = {
				LastUpgradeCheck = 0460;
				ORGANIZATIONNAME = "TnT Development";
			};
			buildConfigurationList = 69D222611769281C00A04C2D /* Build configuration list for PBXProject "CoolTable" */;
			compatibilityVersion = "Xcode 3.2";
			developmentRegion = English;
			hasScannedForEncodings = 0;
			knownRegions = (
				en,
			);
			mainGroup = 69D2225D1769281C00A04C2D;
			productRefGroup = 69D222671769281C00A04C2D /* Products */;
			projectDirPath = "";
			projectRoot = "";
			targets = (
				69D222651769281C00A04C2D /* CoolTable */,
			);
		};
/* End PBXProject section */

/* Begin PBXResourcesBuildPhase section */
		69D222641769281C00A04C2D /* Resources */ = {
			isa = PBXResourcesBuildPhase;
			buildActionMask = 2147483647;
			files = (
				69D222741769281C00A04C2D /* InfoPlist.strings in Resources */,
				69D2227C1769281C00A04C2D /* Default.png in Resources */,
				69D2227E1769281C00A04C2D /* Default@2x.png in Resources */,
				69D222801769281C00A04C2D /* Default-568h@2x.png in Resources */,
				69D222831769281C00A04C2D /* MainStoryboard.storyboard in Resources */,
				69D2229C176938D200A04C2D /* main_bg.jpg in Resources */,
				69D22363176A631400A04C2D /* bg_1.png in Resources */,
			);
			runOnlyForDeploymentPostprocessing = 0;
		};
/* End PBXResourcesBuildPhase section */

/* Begin PBXSourcesBuildPhase section */
		69D222621769281C00A04C2D /* Sources */ = {
			isa = PBXSourcesBuildPhase;
			buildActionMask = 2147483647;
			files = (
				69D222761769281C00A04C2D /* main.m in Sources */,
				69D2227A1769281C00A04C2D /* AppDelegate.m in Sources */,
				69D2228E1769284B00A04C2D /* CoolTableViewController.m in Sources */,
				69D2229117692A3500A04C2D /* CustomCellBackground.m in Sources */,
				69D2229417692B7B00A04C2D /* Common.m in Sources */,
				69D22297176930D300A04C2D /* CustomHeader.m in Sources */,
				69D2229A1769339600A04C2D /* CustomFooter.m in Sources */,
			);
			runOnlyForDeploymentPostprocessing = 0;
		};
/* End PBXSourcesBuildPhase section */

/* Begin PBXVariantGroup section */
		69D222721769281C00A04C2D /* InfoPlist.strings */ = {
			isa = PBXVariantGroup;
			children = (
				69D222731769281C00A04C2D /* en */,
			);
			name = InfoPlist.strings;
			sourceTree = "<group>";
		};
		69D222811769281C00A04C2D /* MainStoryboard.storyboard */ = {
			isa = PBXVariantGroup;
			children = (
				69D222821769281C00A04C2D /* en */,
			);
			name = MainStoryboard.storyboard;
			sourceTree = "<group>";
		};
/* End PBXVariantGroup section */

/* Begin XCBuildConfiguration section */
		69D222871769281C00A04C2D /* Debug */ = {
			isa = XCBuildConfiguration;
			buildSettings = {
				ALWAYS_SEARCH_USER_PATHS = NO;
				CLANG_CXX_LANGUAGE_STANDARD = "gnu++0x";
				CLANG_CXX_LIBRARY = "libc++";
				CLANG_ENABLE_OBJC_ARC = YES;
				CLANG_WARN_CONSTANT_CONVERSION = YES;
				CLANG_WARN_EMPTY_BODY = YES;
				CLANG_WARN_ENUM_CONVERSION = YES;
				CLANG_WARN_INT_CONVERSION = YES;
				CLANG_WARN__DUPLICATE_METHOD_MATCH = YES;
				"CODE_SIGN_IDENTITY[sdk=iphoneos*]" = "iPhone Developer";
				COPY_PHASE_STRIP = NO;
				GCC_C_LANGUAGE_STANDARD = gnu99;
				GCC_DYNAMIC_NO_PIC = NO;
				GCC_OPTIMIZATION_LEVEL = 0;
				GCC_PREPROCESSOR_DEFINITIONS = (
					"DEBUG=1",
					"$(inherited)",
				);
				GCC_SYMBOLS_PRIVATE_EXTERN = NO;
				GCC_WARN_ABOUT_RETURN_TYPE = YES;
				GCC_WARN_UNINITIALIZED_AUTOS = YES;
				GCC_WARN_UNUSED_VARIABLE = YES;
				IPHONEOS_DEPLOYMENT_TARGET = 6.1;
				ONLY_ACTIVE_ARCH = YES;
				SDKROOT = iphoneos;
			};
			name = Debug;
		};
		69D222881769281C00A04C2D /* Release */ = {
			isa = XCBuildConfiguration;
			buildSettings = {
				ALWAYS_SEARCH_USER_PATHS = NO;
				CLANG_CXX_LANGUAGE_STANDARD = "gnu++0x";
				CLANG_CXX_LIBRARY = "libc++";
				CLANG_ENABLE_OBJC_ARC = YES;
				CLANG_WARN_CONSTANT_CONVERSION = YES;
				CLANG_WARN_EMPTY_BODY = YES;
				CLANG_WARN_ENUM_CONVERSION = YES;
				CLANG_WARN_INT_CONVERSION = YES;
				CLANG_WARN__DUPLICATE_METHOD_MATCH = YES;
				"CODE_SIGN_IDENTITY[sdk=iphoneos*]" = "iPhone Developer";
				COPY_PHASE_STRIP = YES;
				GCC_C_LANGUAGE_STANDARD = gnu99;
				GCC_WARN_ABOUT_RETURN_TYPE = YES;
				GCC_WARN_UNINITIALIZED_AUTOS = YES;
				GCC_WARN_UNUSED_VARIABLE = YES;
				IPHONEOS_DEPLOYMENT_TARGET = 6.1;
				OTHER_CFLAGS = "-DNS_BLOCK_ASSERTIONS=1";
				SDKROOT = iphoneos;
				VALIDATE_PRODUCT = YES;
			};
			name = Release;
		};
		69D2228A1769281C00A04C2D /* Debug */ = {
			isa = XCBuildConfiguration;
			buildSettings = {
				GCC_PRECOMPILE_PREFIX_HEADER = YES;
				GCC_PREFIX_HEADER = "CoolTable/CoolTable-Prefix.pch";
				INFOPLIST_FILE = "CoolTable/CoolTable-Info.plist";
				PRODUCT_NAME = "$(TARGET_NAME)";
				WRAPPER_EXTENSION = app;
			};
			name = Debug;
		};
		69D2228B1769281C00A04C2D /* Release */ = {
			isa = XCBuildConfiguration;
			buildSettings = {
				GCC_PRECOMPILE_PREFIX_HEADER = YES;
				GCC_PREFIX_HEADER = "CoolTable/CoolTable-Prefix.pch";
				INFOPLIST_FILE = "CoolTable/CoolTable-Info.plist";
				PRODUCT_NAME = "$(TARGET_NAME)";
				WRAPPER_EXTENSION = app;
			};
			name = Release;
		};
/* End XCBuildConfiguration section */

/* Begin XCConfigurationList section */
		69D222611769281C00A04C2D /* Build configuration list for PBXProject "CoolTable" */ = {
			isa = XCConfigurationList;
			buildConfigurations = (
				69D222871769281C00A04C2D /* Debug */,
				69D222881769281C00A04C2D /* Release */,
			);
			defaultConfigurationIsVisible = 0;
			defaultConfigurationName = Release;
		};
		69D222891769281C00A04C2D /* Build configuration list for PBXNativeTarget "CoolTable" */ = {
			isa = XCConfigurationList;
			buildConfigurations = (
				69D2228A1769281C00A04C2D /* Debug */,
				69D2228B1769281C00A04C2D /* Release */,
			);
			defaultConfigurationIsVisible = 0;
			defaultConfigurationName = Release;
		};
/* End XCConfigurationList section */
	};
	rootObject = 69D2225E1769281C00A04C2D /* Project object */;
}
